
Microsoft Visual Studio Solution File, Format Version 12.00
# Visual Studio 15
VisualStudioVersion = 15.0.27428.2043
MinimumVisualStudioVersion = 10.0.40219.1
Project("{FAE04EC0-301F-11D3-BF4B-00C04F79EFBC}") = "CapaPresentacion", "CapaPresentacion\CapaPresentacion.csproj", "{7312BEE6-FB4E-4A37-B6DA-429D9117AE47}"
EndProject
Project("{FAE04EC0-301F-11D3-BF4B-00C04F79EFBC}") = "CapaAccesoDatos", "CapaAccesoDatos\CapaAccesoDatos.csproj", "{8D93D442-ECB7-40D3-99C4-D6E110545D15}"
EndProject
Project("{FAE04EC0-301F-11D3-BF4B-00C04F79EFBC}") = "CapaLogicaNegocios", "CapaLogicaNegocios\CapaLogicaNegocios.csproj", "{169ACB82-A8E8-48CB-9D7B-D6EF6B49C9A1}"
EndProject
Global
	GlobalSection(SolutionConfigurationPlatforms) = preSolution
		Debug|Any CPU = Debug|Any CPU
		Release|Any CPU = Release|Any CPU
	EndGlobalSection
	GlobalSection(ProjectConfigurationPlatforms) = postSolution
		{7312BEE6-FB4E-4A37-B6DA-429D9117AE47}.Debug|Any CPU.ActiveCfg = Debug|Any CPU
		{7312BEE6-FB4E-4A37-B6DA-429D9117AE47}.Debug|Any CPU.Build.0 = Debug|Any CPU
		{7312BEE6-FB4E-4A37-B6DA-429D9117AE47}.Release|Any CPU.ActiveCfg = Release|Any CPU
		{7312BEE6-FB4E-4A37-B6DA-429D9117AE47}.Release|Any CPU.Build.0 = Release|Any CPU
		{8D93D442-ECB7-40D3-99C4-D6E110545D15}.Debug|Any CPU.ActiveCfg = Debug|Any CPU
		{8D93D442-ECB7-40D3-99C4-D6E110545D15}.Debug|Any CPU.Build.0 = Debug|Any CPU
		{8D93D442-ECB7-40D3-99C4-D6E110545D15}.Release|Any CPU.ActiveCfg = Release|Any CPU
		{8D93D442-ECB7-40D3-99C4-D6E110545D15}.Release|Any CPU.Build.0 = Release|Any CPU
		{169ACB82-A8E8-48CB-9D7B-D6EF6B49C9A1}.Debug|Any CPU.ActiveCfg = Debug|Any CPU
		{169ACB82-A8E8-48CB-9D7B-D6EF6B49C9A1}.Debug|Any CPU.Build.0 = Debug|Any CPU
		{169ACB82-A8E8-48CB-9D7B-D6EF6B49C9A1}.Release|Any CPU.ActiveCfg = Release|Any CPU
		{169ACB82-A8E8-48CB-9D7B-D6EF6B49C9A1}.Release|Any CPU.Build.0 = Release|Any CPU
	EndGlobalSection
	GlobalSection(SolutionProperties) = preSolution
		HideSolutionNode = FALSE
	EndGlobalSection
	GlobalSection(ExtensibilityGlobals) = postSolution
		SolutionGuid = {50C61D44-0342-4775-8EFF-25E1855DC982}
	EndGlobalSection
EndGlobal
